
Microsoft Visual Studio Solution File, Format Version 12.00
# Visual Studio Version 17
VisualStudioVersion = 17.4.33110.190
MinimumVisualStudioVersion = 10.0.40219.1
Project("{FAE04EC0-301F-11D3-BF4B-00C04F79EFBC}") = "Wpf-First-Look", "Wpf-First-Look\Wpf-First-Look.csproj", "{2C2B0ADF-ABA0-41B5-B116-F2DA2DE4A398}"
EndProject
Project("{FAE04EC0-301F-11D3-BF4B-00C04F79EFBC}") = "Wpf-First-Look.Core", "Wpf-First-Look.Core\Wpf-First-Look.Core.csproj", "{FD93740B-ECE4-45F7-891A-CE2AA520ADE4}"
EndProject
Global
	GlobalSection(SolutionConfigurationPlatforms) = preSolution
		Debug|Any CPU = Debug|Any CPU
		Release|Any CPU = Release|Any CPU
	EndGlobalSection
	GlobalSection(ProjectConfigurationPlatforms) = postSolution
		{2C2B0ADF-ABA0-41B5-B116-F2DA2DE4A398}.Debug|Any CPU.ActiveCfg = Debug|Any CPU
		{2C2B0ADF-ABA0-41B5-B116-F2DA2DE4A398}.Debug|Any CPU.Build.0 = Debug|Any CPU
		{2C2B0ADF-ABA0-41B5-B116-F2DA2DE4A398}.Release|Any CPU.ActiveCfg = Release|Any CPU
		{2C2B0ADF-ABA0-41B5-B116-F2DA2DE4A398}.Release|Any CPU.Build.0 = Release|Any CPU
		{FD93740B-ECE4-45F7-891A-CE2AA520ADE4}.Debug|Any CPU.ActiveCfg = Debug|Any CPU
		{FD93740B-ECE4-45F7-891A-CE2AA520ADE4}.Debug|Any CPU.Build.0 = Debug|Any CPU
		{FD93740B-ECE4-45F7-891A-CE2AA520ADE4}.Release|Any CPU.ActiveCfg = Release|Any CPU
		{FD93740B-ECE4-45F7-891A-CE2AA520ADE4}.Release|Any CPU.Build.0 = Release|Any CPU
	EndGlobalSection
	GlobalSection(SolutionProperties) = preSolution
		HideSolutionNode = FALSE
	EndGlobalSection
	GlobalSection(ExtensibilityGlobals) = postSolution
		SolutionGuid = {6B045992-A5AB-489C-AF4B-5E14FE3E1023}
	EndGlobalSection
EndGlobal
